<?xml version="1.0" encoding="utf-8"?>
<Project ToolsVersion="4.0" xmlns="http://schemas.microsoft.com/developer/msbuild/2003">
  <ItemGroup>
    <ClCompile Include="..\..\nuklear\demo\gdi_native_nuklear\main.c" />
  </ItemGroup>
  <ItemGroup>
    <ClInclude Include="..\..\nuklear\demo\gdi_native_nuklear\nuklear_gdi.h" />
    <ClInclude Include="..\..\nuklear\demo\gdi_native_nuklear\window.h" />
  </ItemGroup>
</Project>